
Microsoft Visual Studio Solution File, Format Version 12.00
Project("{2150E333-8FDC-42A3-9474-1A3956D46DE8}") = "apps", "apps", "{D7F3B8BD-5564-4409-B364-6D9E7CAA12AA}"
EndProject
Project("{2150E333-8FDC-42A3-9474-1A3956D46DE8}") = "libs", "libs", "{BFD99B93-65E4-4256-B923-7B25270EDA35}"
EndProject
Project("{FAE04EC0-301F-11D3-BF4B-00C04F79EFBC}") = "Shop", "src\apps\Shop\Shop.csproj", "{243814BC-5277-4FFB-B35E-35197CA6662A}"
EndProject
Project("{FAE04EC0-301F-11D3-BF4B-00C04F79EFBC}") = "Domain", "src\libs\Domain\Domain.csproj", "{0165ACDF-2BE1-4B70-909F-901487B1E18E}"
EndProject
Project("{2150E333-8FDC-42A3-9474-1A3956D46DE8}") = "src", "src", "{4257AEFD-6A60-4E19-964D-EF7F2C63D173}"
EndProject
Project("{FAE04EC0-301F-11D3-BF4B-00C04F79EFBC}") = "Persistence", "src\libs\Persistence\Persistence.csproj", "{0BFF2DFF-13C8-49A3-AF7D-EBFE0DB1B049}"
EndProject
Global
	GlobalSection(SolutionConfigurationPlatforms) = preSolution
		Debug|Any CPU = Debug|Any CPU
		Release|Any CPU = Release|Any CPU
	EndGlobalSection
	GlobalSection(ProjectConfigurationPlatforms) = postSolution
		{243814BC-5277-4FFB-B35E-35197CA6662A}.Debug|Any CPU.ActiveCfg = Debug|Any CPU
		{243814BC-5277-4FFB-B35E-35197CA6662A}.Debug|Any CPU.Build.0 = Debug|Any CPU
		{243814BC-5277-4FFB-B35E-35197CA6662A}.Release|Any CPU.ActiveCfg = Release|Any CPU
		{243814BC-5277-4FFB-B35E-35197CA6662A}.Release|Any CPU.Build.0 = Release|Any CPU
		{0165ACDF-2BE1-4B70-909F-901487B1E18E}.Debug|Any CPU.ActiveCfg = Debug|Any CPU
		{0165ACDF-2BE1-4B70-909F-901487B1E18E}.Debug|Any CPU.Build.0 = Debug|Any CPU
		{0165ACDF-2BE1-4B70-909F-901487B1E18E}.Release|Any CPU.ActiveCfg = Release|Any CPU
		{0165ACDF-2BE1-4B70-909F-901487B1E18E}.Release|Any CPU.Build.0 = Release|Any CPU
		{0BFF2DFF-13C8-49A3-AF7D-EBFE0DB1B049}.Debug|Any CPU.ActiveCfg = Debug|Any CPU
		{0BFF2DFF-13C8-49A3-AF7D-EBFE0DB1B049}.Debug|Any CPU.Build.0 = Debug|Any CPU
		{0BFF2DFF-13C8-49A3-AF7D-EBFE0DB1B049}.Release|Any CPU.ActiveCfg = Release|Any CPU
		{0BFF2DFF-13C8-49A3-AF7D-EBFE0DB1B049}.Release|Any CPU.Build.0 = Release|Any CPU
	EndGlobalSection
	GlobalSection(NestedProjects) = preSolution
		{243814BC-5277-4FFB-B35E-35197CA6662A} = {D7F3B8BD-5564-4409-B364-6D9E7CAA12AA}
		{0165ACDF-2BE1-4B70-909F-901487B1E18E} = {BFD99B93-65E4-4256-B923-7B25270EDA35}
		{BFD99B93-65E4-4256-B923-7B25270EDA35} = {4257AEFD-6A60-4E19-964D-EF7F2C63D173}
		{D7F3B8BD-5564-4409-B364-6D9E7CAA12AA} = {4257AEFD-6A60-4E19-964D-EF7F2C63D173}
		{0BFF2DFF-13C8-49A3-AF7D-EBFE0DB1B049} = {BFD99B93-65E4-4256-B923-7B25270EDA35}
	EndGlobalSection
EndGlobal
